
Microsoft Visual Studio Solution File, Format Version 12.00
# Visual Studio Version 16
VisualStudioVersion = 16.0.31424.327
MinimumVisualStudioVersion = 10.0.40219.1
Project("{2150E333-8FDC-42A3-9474-1A3956D46DE8}") = "VISTAS", "VISTAS", "{2D2A7831-ED88-4AE9-93DB-B2D42797E9C6}"
EndProject
Project("{2150E333-8FDC-42A3-9474-1A3956D46DE8}") = "CONTROL", "CONTROL", "{C32A1A72-5D09-4B39-AA68-9F59CFCFF24B}"
EndProject
Project("{9A19103F-16F7-4668-BE54-9A1E7A4F7556}") = "ObtencionTitulosClientes", "ObtencionTitulosClientes\ObtencionTitulosClientes.csproj", "{0C6BCDDB-0DAF-4706-8FB5-895779F0364E}"
EndProject
Project("{9A19103F-16F7-4668-BE54-9A1E7A4F7556}") = "ObtencionClientes", "ObtencionClientes\ObtencionClientes.csproj", "{56C46EA2-E925-43E4-BADE-757A0CB245B5}"
EndProject
Project("{9A19103F-16F7-4668-BE54-9A1E7A4F7556}") = "ObtencionClientesExentos", "ObtencionClientesExentos\ObtencionClientesExentos.csproj", "{2AA57B16-9BF3-413B-B723-3AC174BA491D}"
EndProject
Project("{9A19103F-16F7-4668-BE54-9A1E7A4F7556}") = "ObtencionClientesCorreo", "ObtencionClientesCorreo\ObtencionClientesCorreo.csproj", "{DF1F0699-BD00-47C9-956D-A6ABD102B031}"
EndProject
Project("{9A19103F-16F7-4668-BE54-9A1E7A4F7556}") = "ObtencionPagos", "ObtencionPagos\ObtencionPagos.csproj", "{10DD401F-64E1-4219-BABB-414D99FE4AD7}"
EndProject
Project("{9A19103F-16F7-4668-BE54-9A1E7A4F7556}") = "ObtencionTitulosPagos", "ObtencionTitulosPagos\ObtencionTitulosPagos.csproj", "{C915C23C-EA55-40BF-83DC-822085961743}"
EndProject
Project("{9A19103F-16F7-4668-BE54-9A1E7A4F7556}") = "AppControl", "AppControl\AppControl.csproj", "{AAEA5FFD-B715-43E6-A5B9-BD1A9A414747}"
EndProject
Global
	GlobalSection(SolutionConfigurationPlatforms) = preSolution
		Debug|Any CPU = Debug|Any CPU
		Release|Any CPU = Release|Any CPU
	EndGlobalSection
	GlobalSection(ProjectConfigurationPlatforms) = postSolution
		{0C6BCDDB-0DAF-4706-8FB5-895779F0364E}.Debug|Any CPU.ActiveCfg = Debug|Any CPU
		{0C6BCDDB-0DAF-4706-8FB5-895779F0364E}.Debug|Any CPU.Build.0 = Debug|Any CPU
		{0C6BCDDB-0DAF-4706-8FB5-895779F0364E}.Release|Any CPU.ActiveCfg = Release|Any CPU
		{0C6BCDDB-0DAF-4706-8FB5-895779F0364E}.Release|Any CPU.Build.0 = Release|Any CPU
		{56C46EA2-E925-43E4-BADE-757A0CB245B5}.Debug|Any CPU.ActiveCfg = Debug|Any CPU
		{56C46EA2-E925-43E4-BADE-757A0CB245B5}.Debug|Any CPU.Build.0 = Debug|Any CPU
		{56C46EA2-E925-43E4-BADE-757A0CB245B5}.Release|Any CPU.ActiveCfg = Release|Any CPU
		{56C46EA2-E925-43E4-BADE-757A0CB245B5}.Release|Any CPU.Build.0 = Release|Any CPU
		{2AA57B16-9BF3-413B-B723-3AC174BA491D}.Debug|Any CPU.ActiveCfg = Debug|Any CPU
		{2AA57B16-9BF3-413B-B723-3AC174BA491D}.Debug|Any CPU.Build.0 = Debug|Any CPU
		{2AA57B16-9BF3-413B-B723-3AC174BA491D}.Release|Any CPU.ActiveCfg = Release|Any CPU
		{2AA57B16-9BF3-413B-B723-3AC174BA491D}.Release|Any CPU.Build.0 = Release|Any CPU
		{DF1F0699-BD00-47C9-956D-A6ABD102B031}.Debug|Any CPU.ActiveCfg = Debug|Any CPU
		{DF1F0699-BD00-47C9-956D-A6ABD102B031}.Debug|Any CPU.Build.0 = Debug|Any CPU
		{DF1F0699-BD00-47C9-956D-A6ABD102B031}.Release|Any CPU.ActiveCfg = Release|Any CPU
		{DF1F0699-BD00-47C9-956D-A6ABD102B031}.Release|Any CPU.Build.0 = Release|Any CPU
		{10DD401F-64E1-4219-BABB-414D99FE4AD7}.Debug|Any CPU.ActiveCfg = Debug|Any CPU
		{10DD401F-64E1-4219-BABB-414D99FE4AD7}.Debug|Any CPU.Build.0 = Debug|Any CPU
		{10DD401F-64E1-4219-BABB-414D99FE4AD7}.Release|Any CPU.ActiveCfg = Release|Any CPU
		{10DD401F-64E1-4219-BABB-414D99FE4AD7}.Release|Any CPU.Build.0 = Release|Any CPU
		{C915C23C-EA55-40BF-83DC-822085961743}.Debug|Any CPU.ActiveCfg = Debug|Any CPU
		{C915C23C-EA55-40BF-83DC-822085961743}.Debug|Any CPU.Build.0 = Debug|Any CPU
		{C915C23C-EA55-40BF-83DC-822085961743}.Release|Any CPU.ActiveCfg = Release|Any CPU
		{C915C23C-EA55-40BF-83DC-822085961743}.Release|Any CPU.Build.0 = Release|Any CPU
		{AAEA5FFD-B715-43E6-A5B9-BD1A9A414747}.Debug|Any CPU.ActiveCfg = Debug|Any CPU
		{AAEA5FFD-B715-43E6-A5B9-BD1A9A414747}.Debug|Any CPU.Build.0 = Debug|Any CPU
		{AAEA5FFD-B715-43E6-A5B9-BD1A9A414747}.Release|Any CPU.ActiveCfg = Release|Any CPU
		{AAEA5FFD-B715-43E6-A5B9-BD1A9A414747}.Release|Any CPU.Build.0 = Release|Any CPU
	EndGlobalSection
	GlobalSection(SolutionProperties) = preSolution
		HideSolutionNode = FALSE
	EndGlobalSection
	GlobalSection(NestedProjects) = preSolution
		{0C6BCDDB-0DAF-4706-8FB5-895779F0364E} = {C32A1A72-5D09-4B39-AA68-9F59CFCFF24B}
		{56C46EA2-E925-43E4-BADE-757A0CB245B5} = {C32A1A72-5D09-4B39-AA68-9F59CFCFF24B}
		{2AA57B16-9BF3-413B-B723-3AC174BA491D} = {C32A1A72-5D09-4B39-AA68-9F59CFCFF24B}
		{DF1F0699-BD00-47C9-956D-A6ABD102B031} = {C32A1A72-5D09-4B39-AA68-9F59CFCFF24B}
		{10DD401F-64E1-4219-BABB-414D99FE4AD7} = {C32A1A72-5D09-4B39-AA68-9F59CFCFF24B}
		{C915C23C-EA55-40BF-83DC-822085961743} = {C32A1A72-5D09-4B39-AA68-9F59CFCFF24B}
		{AAEA5FFD-B715-43E6-A5B9-BD1A9A414747} = {2D2A7831-ED88-4AE9-93DB-B2D42797E9C6}
	EndGlobalSection
	GlobalSection(ExtensibilityGlobals) = postSolution
		SolutionGuid = {68B5E54C-5F77-430C-AE45-956B311A5D3F}
	EndGlobalSection
EndGlobal
